
Microsoft Visual Studio Solution File, Format Version 12.00
# Visual Studio Version 16
VisualStudioVersion = 16.0.29418.71
MinimumVisualStudioVersion = 10.0.40219.1
Project("{FAE04EC0-301F-11D3-BF4B-00C04F79EFBC}") = "LojaVirtual", "LojaVirtual\LojaVirtual.csproj", "{9F7307B5-D6EF-458D-BE88-6DB24412A8EF}"
EndProject
Global
	GlobalSection(SolutionConfigurationPlatforms) = preSolution
		Debug|Any CPU = Debug|Any CPU
		Release|Any CPU = Release|Any CPU
	EndGlobalSection
	GlobalSection(ProjectConfigurationPlatforms) = postSolution
		{9F7307B5-D6EF-458D-BE88-6DB24412A8EF}.Debug|Any CPU.ActiveCfg = Debug|Any CPU
		{9F7307B5-D6EF-458D-BE88-6DB24412A8EF}.Debug|Any CPU.Build.0 = Debug|Any CPU
		{9F7307B5-D6EF-458D-BE88-6DB24412A8EF}.Release|Any CPU.ActiveCfg = Release|Any CPU
		{9F7307B5-D6EF-458D-BE88-6DB24412A8EF}.Release|Any CPU.Build.0 = Release|Any CPU
	EndGlobalSection
	GlobalSection(SolutionProperties) = preSolution
		HideSolutionNode = FALSE
	EndGlobalSection
	GlobalSection(ExtensibilityGlobals) = postSolution
		SolutionGuid = {DC7CB069-8B59-46C1-9536-9DC1E3CF02CF}
	EndGlobalSection
EndGlobal
